{
  "name": "skylark-utils-codec",
  "version": "0.9.0",
  "lockfileVersion": 1,
  "requires": true,
  "dependencies": {
    "skylark-langx": {
      "version": "git+https://github.com/skylarklangx/skylark-langx.git#08efca7737cc8a7d1de180f9adf7aef8623e284c",
      "from": "git+https://github.com/skylarklangx/skylark-langx.git#master"
    },
    "skylark-utils-stream": {
      "version": "git+https://github.com/skylarkutils/skylark-utils-stream.git#94db8888a65d0d9e7c4d5118fc1965b46c0bac7b",
      "from": "git+https://github.com/skylarkutils/skylark-utils-stream.git#master"
    }
  }
}
